<?xml version="1.0" encoding="utf-8"?>
<Project ToolsVersion="4.0" xmlns="http://schemas.microsoft.com/developer/msbuild/2003">
  <ItemGroup>
    <Filter Include="external">
      <UniqueIdentifier>{723bf465-2fa1-4598-8378-3f2eebe1d606}</UniqueIdentifier>
    </Filter>
    <Filter Include="external\task">
      <UniqueIdentifier>{29e360f0-dcc8-464e-b1a9-c3fecdd9ed71}</UniqueIdentifier>
    </Filter>
    <Filter Include="0.rigid">
      <UniqueIdentifier>{91c6becc-1701-4c45-9ad0-d33bfdeb5388}</UniqueIdentifier>
    </Filter>
    <Filter Include="1.soft">
      <UniqueIdentifier>{45cf0732-7c33-44b9-b818-8efa07b583a7}</UniqueIdentifier>
    </Filter>
    <Filter Include="3.cloth">
      <UniqueIdentifier>{393be717-98ec-4fd1-88de-90de33ea00f2}</UniqueIdentifier>
    </Filter>
    <Filter Include="3.cloth\nv">
      <UniqueIdentifier>{7ebd72f7-2bae-4b54-b3d6-651f562ae521}</UniqueIdentifier>
    </Filter>
    <Filter Include="3.cloth\mesh">
      <UniqueIdentifier>{730472c2-eed9-4b22-b49a-5691d1fe04c6}</UniqueIdentifier>
    </Filter>
    <Filter Include="3.cloth\base">
      <UniqueIdentifier>{3060825b-f435-4d8c-9feb-6624225ae537}</UniqueIdentifier>
    </Filter>
    <Filter Include="3.cloth\utility">
      <UniqueIdentifier>{009dc0ed-7882-4e3c-83b9-ecf04a072448}</UniqueIdentifier>
    </Filter>
    <Filter Include="4.destruction">
      <UniqueIdentifier>{04ffac6e-a15b-475b-8c30-63fa989dcac2}</UniqueIdentifier>
    </Filter>
    <Filter Include="5.fluid">
      <UniqueIdentifier>{82718332-a5ce-4f52-8c56-20684f342e7b}</UniqueIdentifier>
    </Filter>
    <Filter Include="0.rigid\bullet">
      <UniqueIdentifier>{be506d42-a578-478c-b9aa-8d1f7bdf18fd}</UniqueIdentifier>
    </Filter>
    <Filter Include="0.rigid\base">
      <UniqueIdentifier>{6209ef43-843f-4e65-a606-6d659df808fd}</UniqueIdentifier>
    </Filter>
    <Filter Include="utility">
      <UniqueIdentifier>{7fcc3333-79b1-48b9-8395-47bad9971aa1}</UniqueIdentifier>
    </Filter>
    <Filter Include="0.rigid\box2d">
      <UniqueIdentifier>{a50b326c-f832-4664-8a37-7782544c5af8}</UniqueIdentifier>
    </Filter>
    <Filter Include="0.rigid\tools">
      <UniqueIdentifier>{54729276-4ff7-4bf7-b34c-b24186d75d8e}</UniqueIdentifier>
    </Filter>
  </ItemGroup>
  <ItemGroup>
    <ClInclude Include="..\..\..\include\uniphysics\cloth\nv\Solver.h">
      <Filter>3.cloth\nv</Filter>
    </ClInclude>
    <ClInclude Include="..\..\..\include\uniphysics\cloth\nv\Cloth.h">
      <Filter>3.cloth\nv</Filter>
    </ClInclude>
    <ClInclude Include="..\..\..\include\uniphysics\cloth\nv\Fabric.h">
      <Filter>3.cloth\nv</Filter>
    </ClInclude>
    <ClInclude Include="..\..\..\include\uniphysics\cloth\SceneController.h">
      <Filter>3.cloth</Filter>
    </ClInclude>
    <ClInclude Include="..\..\..\include\uniphysics\cloth\nv\Factory.h">
      <Filter>3.cloth\nv</Filter>
    </ClInclude>
    <ClInclude Include="..\..\..\include\uniphysics\cloth\Factory.h">
      <Filter>3.cloth</Filter>
    </ClInclude>
    <ClInclude Include="..\..\..\include\uniphysics\cloth\nv\NvCloth.h">
      <Filter>3.cloth\nv</Filter>
    </ClInclude>
    <ClInclude Include="..\..\..\include\uniphysics\cloth\ClothMeshData.h">
      <Filter>3.cloth\mesh</Filter>
    </ClInclude>
    <ClInclude Include="..\..\..\include\uniphysics\cloth\Cloth.h">
      <Filter>3.cloth\base</Filter>
    </ClInclude>
    <ClInclude Include="..\..\..\include\uniphysics\cloth\Fabric.h">
      <Filter>3.cloth\base</Filter>
    </ClInclude>
    <ClInclude Include="..\..\..\include\uniphysics\cloth\Solver.h">
      <Filter>3.cloth\base</Filter>
    </ClInclude>
    <ClInclude Include="..\..\..\include\uniphysics\cloth\JobManager.h">
      <Filter>3.cloth\utility</Filter>
    </ClInclude>
    <ClInclude Include="..\..\..\external\task\PxCpuDispatcher.h">
      <Filter>external\task</Filter>
    </ClInclude>
    <ClInclude Include="..\..\..\external\task\PxGpuDispatcher.h">
      <Filter>external\task</Filter>
    </ClInclude>
    <ClInclude Include="..\..\..\external\task\PxGpuTask.h">
      <Filter>external\task</Filter>
    </ClInclude>
    <ClInclude Include="..\..\..\external\task\PxTask.h">
      <Filter>external\task</Filter>
    </ClInclude>
    <ClInclude Include="..\..\..\external\task\PxTaskDefine.h">
      <Filter>external\task</Filter>
    </ClInclude>
    <ClInclude Include="..\..\..\external\task\PxTaskManager.h">
      <Filter>external\task</Filter>
    </ClInclude>
    <ClInclude Include="..\..\..\include\uniphysics\rigid\World.h">
      <Filter>0.rigid\base</Filter>
    </ClInclude>
    <ClInclude Include="..\..\..\include\uniphysics\rigid\Shape.h">
      <Filter>0.rigid\base</Filter>
    </ClInclude>
    <ClInclude Include="..\..\..\include\uniphysics\rigid\Body.h">
      <Filter>0.rigid\base</Filter>
    </ClInclude>
    <ClInclude Include="..\..\..\include\uniphysics\rigid\bullet\World.h">
      <Filter>0.rigid\bullet</Filter>
    </ClInclude>
    <ClInclude Include="..\..\..\include\uniphysics\rigid\bullet\Body.h">
      <Filter>0.rigid\bullet</Filter>
    </ClInclude>
    <ClInclude Include="..\..\..\include\uniphysics\rigid\bullet\Shape.h">
      <Filter>0.rigid\bullet</Filter>
    </ClInclude>
    <ClInclude Include="..\..\..\include\uniphysics\rigid\Constraint.h">
      <Filter>0.rigid\base</Filter>
    </ClInclude>
    <ClInclude Include="..\..\..\include\uniphysics\rigid\bullet\Constraint.h">
      <Filter>0.rigid\bullet</Filter>
    </ClInclude>
    <ClInclude Include="..\..\..\include\uniphysics\rigid\bullet\Utility.h">
      <Filter>0.rigid\bullet</Filter>
    </ClInclude>
    <ClInclude Include="..\..\..\include\uniphysics\noncopyable.h">
      <Filter>utility</Filter>
    </ClInclude>
    <ClInclude Include="..\..\..\include\uniphysics\rigid\box2d\World.h">
      <Filter>0.rigid\box2d</Filter>
    </ClInclude>
    <ClInclude Include="..\..\..\include\uniphysics\rigid\box2d\Body.h">
      <Filter>0.rigid\box2d</Filter>
    </ClInclude>
    <ClInclude Include="..\..\..\include\uniphysics\rigid\box2d\Shape.h">
      <Filter>0.rigid\box2d</Filter>
    </ClInclude>
    <ClInclude Include="..\..\..\include\uniphysics\rigid\box2d\DebugDraw.h">
      <Filter>0.rigid\box2d</Filter>
    </ClInclude>
    <ClInclude Include="..\..\..\include\uniphysics\rigid\DebugDraw.h">
      <Filter>0.rigid\base</Filter>
    </ClInclude>
    <ClInclude Include="..\..\..\include\uniphysics\rigid\Factory.h">
      <Filter>0.rigid\tools</Filter>
    </ClInclude>
    <ClInclude Include="..\..\..\include\uniphysics\rigid\box2d\config.h">
      <Filter>0.rigid\box2d</Filter>
    </ClInclude>
  </ItemGroup>
  <ItemGroup>
    <ClCompile Include="..\..\..\source\cloth\nv\Solver.cpp">
      <Filter>3.cloth\nv</Filter>
    </ClCompile>
    <ClCompile Include="..\..\..\source\cloth\nv\Cloth.cpp">
      <Filter>3.cloth\nv</Filter>
    </ClCompile>
    <ClCompile Include="..\..\..\source\cloth\nv\Fabric.cpp">
      <Filter>3.cloth\nv</Filter>
    </ClCompile>
    <ClCompile Include="..\..\..\source\cloth\nv\Factory.cpp">
      <Filter>3.cloth\nv</Filter>
    </ClCompile>
    <ClCompile Include="..\..\..\source\cloth\nv\NvCloth.cpp">
      <Filter>3.cloth\nv</Filter>
    </ClCompile>
    <ClCompile Include="..\..\..\source\cloth\ClothMeshData.cpp">
      <Filter>3.cloth\mesh</Filter>
    </ClCompile>
    <ClCompile Include="..\..\..\source\cloth\JobManager.cpp">
      <Filter>3.cloth\utility</Filter>
    </ClCompile>
    <ClCompile Include="..\..\..\source\rigid\bullet\World.cpp">
      <Filter>0.rigid\bullet</Filter>
    </ClCompile>
    <ClCompile Include="..\..\..\source\rigid\bullet\Shape.cpp">
      <Filter>0.rigid\bullet</Filter>
    </ClCompile>
    <ClCompile Include="..\..\..\source\rigid\bullet\Body.cpp">
      <Filter>0.rigid\bullet</Filter>
    </ClCompile>
    <ClCompile Include="..\..\..\source\rigid\bullet\Constraint.cpp">
      <Filter>0.rigid\bullet</Filter>
    </ClCompile>
    <ClCompile Include="..\..\..\source\rigid\box2d\World.cpp">
      <Filter>0.rigid\box2d</Filter>
    </ClCompile>
    <ClCompile Include="..\..\..\source\rigid\box2d\Body.cpp">
      <Filter>0.rigid\box2d</Filter>
    </ClCompile>
    <ClCompile Include="..\..\..\source\rigid\box2d\Shape.cpp">
      <Filter>0.rigid\box2d</Filter>
    </ClCompile>
    <ClCompile Include="..\..\..\source\rigid\box2d\DebugDraw.cpp">
      <Filter>0.rigid\box2d</Filter>
    </ClCompile>
    <ClCompile Include="..\..\..\source\rigid\Factory.cpp">
      <Filter>0.rigid\tools</Filter>
    </ClCompile>
  </ItemGroup>
</Project>